
Microsoft Visual Studio Solution File, Format Version 12.00
Project("{FAE04EC0-301F-11D3-BF4B-00C04F79EFBC}") = "FontGenerator", "FontGenerator\FontGenerator.csproj", "{23E162A6-8BE0-46A7-9812-C6200039049D}"
EndProject
Global
	GlobalSection(SolutionConfigurationPlatforms) = preSolution
		Debug|Any CPU = Debug|Any CPU
		Release|Any CPU = Release|Any CPU
	EndGlobalSection
	GlobalSection(ProjectConfigurationPlatforms) = postSolution
		{23E162A6-8BE0-46A7-9812-C6200039049D}.Debug|Any CPU.ActiveCfg = Debug|Any CPU
		{23E162A6-8BE0-46A7-9812-C6200039049D}.Debug|Any CPU.Build.0 = Debug|Any CPU
		{23E162A6-8BE0-46A7-9812-C6200039049D}.Release|Any CPU.ActiveCfg = Release|Any CPU
		{23E162A6-8BE0-46A7-9812-C6200039049D}.Release|Any CPU.Build.0 = Release|Any CPU
	EndGlobalSection
EndGlobal
